
Microsoft Visual Studio Solution File, Format Version 12.00
# Visual Studio Version 17
VisualStudioVersion = 17.0.31919.166
MinimumVisualStudioVersion = 10.0.40219.1
Project("{FAE04EC0-301F-11D3-BF4B-00C04F79EFBC}") = "ola-mundo", "ola-mundo\ola-mundo.csproj", "{FD55ED14-BBF8-4A61-9873-E7ABFB87FDC9}"
EndProject
Global
	GlobalSection(SolutionConfigurationPlatforms) = preSolution
		Debug|Any CPU = Debug|Any CPU
		Release|Any CPU = Release|Any CPU
	EndGlobalSection
	GlobalSection(ProjectConfigurationPlatforms) = postSolution
		{FD55ED14-BBF8-4A61-9873-E7ABFB87FDC9}.Debug|Any CPU.ActiveCfg = Debug|Any CPU
		{FD55ED14-BBF8-4A61-9873-E7ABFB87FDC9}.Debug|Any CPU.Build.0 = Debug|Any CPU
		{FD55ED14-BBF8-4A61-9873-E7ABFB87FDC9}.Release|Any CPU.ActiveCfg = Release|Any CPU
		{FD55ED14-BBF8-4A61-9873-E7ABFB87FDC9}.Release|Any CPU.Build.0 = Release|Any CPU
	EndGlobalSection
	GlobalSection(SolutionProperties) = preSolution
		HideSolutionNode = FALSE
	EndGlobalSection
	GlobalSection(ExtensibilityGlobals) = postSolution
		SolutionGuid = {C323282A-1529-4F4A-BA25-C5532CC2D399}
	EndGlobalSection
EndGlobal
