
Microsoft Visual Studio Solution File, Format Version 12.00
# Visual Studio Version 17
VisualStudioVersion = 17.0.31919.166
MinimumVisualStudioVersion = 10.0.40219.1
Project("{FAE04EC0-301F-11D3-BF4B-00C04F79EFBC}") = "funcao", "funcao\funcao.csproj", "{19FB741D-DC81-4298-81E3-5CD9F686C0BC}"
EndProject
Global
	GlobalSection(SolutionConfigurationPlatforms) = preSolution
		Debug|Any CPU = Debug|Any CPU
		Release|Any CPU = Release|Any CPU
	EndGlobalSection
	GlobalSection(ProjectConfigurationPlatforms) = postSolution
		{19FB741D-DC81-4298-81E3-5CD9F686C0BC}.Debug|Any CPU.ActiveCfg = Debug|Any CPU
		{19FB741D-DC81-4298-81E3-5CD9F686C0BC}.Debug|Any CPU.Build.0 = Debug|Any CPU
		{19FB741D-DC81-4298-81E3-5CD9F686C0BC}.Release|Any CPU.ActiveCfg = Release|Any CPU
		{19FB741D-DC81-4298-81E3-5CD9F686C0BC}.Release|Any CPU.Build.0 = Release|Any CPU
	EndGlobalSection
	GlobalSection(SolutionProperties) = preSolution
		HideSolutionNode = FALSE
	EndGlobalSection
	GlobalSection(ExtensibilityGlobals) = postSolution
		SolutionGuid = {DFEFDF50-FC51-405B-A007-33F14B7DCF0A}
	EndGlobalSection
EndGlobal
